// !$*UTF8*$!
{
	archiveVersion = 1;
	classes = {
	};
	objectVersion = 55;
	objects = {

/* Begin PBXBuildFile section */
		C498D4522843E27800657D0E /* LearnSwiftUIForMacOSApp.swift in Sources */ = {isa = PBXBuildFile; fileRef = C498D4512843E27800657D0E /* LearnSwiftUIForMacOSApp.swift */; };
		C498D4542843E27800657D0E /* ContentView.swift in Sources */ = {isa = PBXBuildFile; fileRef = C498D4532843E27800657D0E /* ContentView.swift */; };
		C498D4562843E27A00657D0E /* Assets.xcassets in Resources */ = {isa = PBXBuildFile; fileRef = C498D4552843E27A00657D0E /* Assets.xcassets */; };
		C498D4592843E27A00657D0E /* Preview Assets.xcassets in Resources */ = {isa = PBXBuildFile; fileRef = C498D4582843E27A00657D0E /* Preview Assets.xcassets */; };
		C498D4622843E47100657D0E /* NewWindowParentView.swift in Sources */ = {isa = PBXBuildFile; fileRef = C498D4612843E47100657D0E /* NewWindowParentView.swift */; };
		C498D4642843E50F00657D0E /* WindowController.swift in Sources */ = {isa = PBXBuildFile; fileRef = C498D4632843E50F00657D0E /* WindowController.swift */; };
		C498D4662843E61100657D0E /* NewWindowChildView.swift in Sources */ = {isa = PBXBuildFile; fileRef = C498D4652843E61100657D0E /* NewWindowChildView.swift */; };
/* End PBXBuildFile section */

/* Begin PBXFileReference section */
		C498D44E2843E27800657D0E /* LearnSwiftUIForMacOS.app */ = {isa = PBXFileReference; explicitFileType = wrapper.application; includeInIndex = 0; path = LearnSwiftUIForMacOS.app; sourceTree = BUILT_PRODUCTS_DIR; };
		C498D4512843E27800657D0E /* LearnSwiftUIForMacOSApp.swift */ = {isa = PBXFileReference; lastKnownFileType = sourcecode.swift; path = LearnSwiftUIForMacOSApp.swift; sourceTree = "<group>"; };
		C498D4532843E27800657D0E /* ContentView.swift */ = {isa = PBXFileReference; lastKnownFileType = sourcecode.swift; path = ContentView.swift; sourceTree = "<group>"; };
		C498D4552843E27A00657D0E /* Assets.xcassets */ = {isa = PBXFileReference; lastKnownFileType = folder.assetcatalog; path = Assets.xcassets; sourceTree = "<group>"; };
		C498D4582843E27A00657D0E /* Preview Assets.xcassets */ = {isa = PBXFileReference; lastKnownFileType = folder.assetcatalog; path = "Preview Assets.xcassets"; sourceTree = "<group>"; };
		C498D45A2843E27A00657D0E /* LearnSwiftUIForMacOS.entitlements */ = {isa = PBXFileReference; lastKnownFileType = text.plist.entitlements; path = LearnSwiftUIForMacOS.entitlements; sourceTree = "<group>"; };
		C498D4612843E47100657D0E /* NewWindowParentView.swift */ = {isa = PBXFileReference; lastKnownFileType = sourcecode.swift; path = NewWindowParentView.swift; sourceTree = "<group>"; };
		C498D4632843E50F00657D0E /* WindowController.swift */ = {isa = PBXFileReference; lastKnownFileType = sourcecode.swift; path = WindowController.swift; sourceTree = "<group>"; };
		C498D4652843E61100657D0E /* NewWindowChildView.swift */ = {isa = PBXFileReference; lastKnownFileType = sourcecode.swift; path = NewWindowChildView.swift; sourceTree = "<group>"; };
/* End PBXFileReference section */

/* Begin PBXFrameworksBuildPhase section */
		C498D44B2843E27800657D0E /* Frameworks */ = {
			isa = PBXFrameworksBuildPhase;
			buildActionMask = 2147483647;
			files = (
			);
			runOnlyForDeploymentPostprocessing = 0;
		};
/* End PBXFrameworksBuildPhase section */

/* Begin PBXGroup section */
		C498D4452843E27700657D0E = {
			isa = PBXGroup;
			children = (
				C498D4502843E27800657D0E /* LearnSwiftUIForMacOS */,
				C498D44F2843E27800657D0E /* Products */,
			);
			sourceTree = "<group>";
		};
		C498D44F2843E27800657D0E /* Products */ = {
			isa = PBXGroup;
			children = (
				C498D44E2843E27800657D0E /* LearnSwiftUIForMacOS.app */,
			);
			name = Products;
			sourceTree = "<group>";
		};
		C498D4502843E27800657D0E /* LearnSwiftUIForMacOS */ = {
			isa = PBXGroup;
			children = (
				C498D4602843E2B600657D0E /* NewWindow */,
				C498D4512843E27800657D0E /* LearnSwiftUIForMacOSApp.swift */,
				C498D4532843E27800657D0E /* ContentView.swift */,
				C498D4552843E27A00657D0E /* Assets.xcassets */,
				C498D45A2843E27A00657D0E /* LearnSwiftUIForMacOS.entitlements */,
				C498D4572843E27A00657D0E /* Preview Content */,
			);
			path = LearnSwiftUIForMacOS;
			sourceTree = "<group>";
		};
		C498D4572843E27A00657D0E /* Preview Content */ = {
			isa = PBXGroup;
			children = (
				C498D4582843E27A00657D0E /* Preview Assets.xcassets */,
			);
			path = "Preview Content";
			sourceTree = "<group>";
		};
		C498D4602843E2B600657D0E /* NewWindow */ = {
			isa = PBXGroup;
			children = (
				C498D4612843E47100657D0E /* NewWindowParentView.swift */,
				C498D4632843E50F00657D0E /* WindowController.swift */,
				C498D4652843E61100657D0E /* NewWindowChildView.swift */,
			);
			path = NewWindow;
			sourceTree = "<group>";
		};
/* End PBXGroup section */

/* Begin PBXNativeTarget section */
		C498D44D2843E27800657D0E /* LearnSwiftUIForMacOS */ = {
			isa = PBXNativeTarget;
			buildConfigurationList = C498D45D2843E27A00657D0E /* Build configuration list for PBXNativeTarget "LearnSwiftUIForMacOS" */;
			buildPhases = (
				C498D44A2843E27800657D0E /* Sources */,
				C498D44B2843E27800657D0E /* Frameworks */,
				C498D44C2843E27800657D0E /* Resources */,
			);
			buildRules = (
			);
			dependencies = (
			);
			name = LearnSwiftUIForMacOS;
			productName = LearnSwiftUIForMacOS;
			productReference = C498D44E2843E27800657D0E /* LearnSwiftUIForMacOS.app */;
			productType = "com.apple.product-type.application";
		};
/* End PBXNativeTarget section */

/* Begin PBXProject section */
		C498D4462843E27700657D0E /* Project object */ = {
			isa = PBXProject;
			attributes = {
				BuildIndependentTargetsInParallel = 1;
				LastSwiftUpdateCheck = 1320;
				LastUpgradeCheck = 1320;
				TargetAttributes = {
					C498D44D2843E27800657D0E = {
						CreatedOnToolsVersion = 13.2.1;
					};
				};
			};
			buildConfigurationList = C498D4492843E27700657D0E /* Build configuration list for PBXProject "LearnSwiftUIForMacOS" */;
			compatibilityVersion = "Xcode 13.0";
			developmentRegion = en;
			hasScannedForEncodings = 0;
			knownRegions = (
				en,
				Base,
			);
			mainGroup = C498D4452843E27700657D0E;
			productRefGroup = C498D44F2843E27800657D0E /* Products */;
			projectDirPath = "";
			projectRoot = "";
			targets = (
				C498D44D2843E27800657D0E /* LearnSwiftUIForMacOS */,
			);
		};
/* End PBXProject section */

/* Begin PBXResourcesBuildPhase section */
		C498D44C2843E27800657D0E /* Resources */ = {
			isa = PBXResourcesBuildPhase;
			buildActionMask = 2147483647;
			files = (
				C498D4592843E27A00657D0E /* Preview Assets.xcassets in Resources */,
				C498D4562843E27A00657D0E /* Assets.xcassets in Resources */,
			);
			runOnlyForDeploymentPostprocessing = 0;
		};
/* End PBXResourcesBuildPhase section */

/* Begin PBXSourcesBuildPhase section */
		C498D44A2843E27800657D0E /* Sources */ = {
			isa = PBXSourcesBuildPhase;
			buildActionMask = 2147483647;
			files = (
				C498D4542843E27800657D0E /* ContentView.swift in Sources */,
				C498D4642843E50F00657D0E /* WindowController.swift in Sources */,
				C498D4662843E61100657D0E /* NewWindowChildView.swift in Sources */,
				C498D4522843E27800657D0E /* LearnSwiftUIForMacOSApp.swift in Sources */,
				C498D4622843E47100657D0E /* NewWindowParentView.swift in Sources */,
			);
			runOnlyForDeploymentPostprocessing = 0;
		};
/* End PBXSourcesBuildPhase section */

/* Begin XCBuildConfiguration section */
		C498D45B2843E27A00657D0E /* Debug */ = {
			isa = XCBuildConfiguration;
			buildSettings = {
				ALWAYS_SEARCH_USER_PATHS = NO;
				CLANG_ANALYZER_NONNULL = YES;
				CLANG_ANALYZER_NUMBER_OBJECT_CONVERSION = YES_AGGRESSIVE;
				CLANG_CXX_LANGUAGE_STANDARD = "gnu++17";
				CLANG_CXX_LIBRARY = "libc++";
				CLANG_ENABLE_MODULES = YES;
				CLANG_ENABLE_OBJC_ARC = YES;
				CLANG_ENABLE_OBJC_WEAK = YES;
				CLANG_WARN_BLOCK_CAPTURE_AUTORELEASING = YES;
				CLANG_WARN_BOOL_CONVERSION = YES;
				CLANG_WARN_COMMA = YES;
				CLANG_WARN_CONSTANT_CONVERSION = YES;
				CLANG_WARN_DEPRECATED_OBJC_IMPLEMENTATIONS = YES;
				CLANG_WARN_DIRECT_OBJC_ISA_USAGE = YES_ERROR;
				CLANG_WARN_DOCUMENTATION_COMMENTS = YES;
				CLANG_WARN_EMPTY_BODY = YES;
				CLANG_WARN_ENUM_CONVERSION = YES;
				CLANG_WARN_INFINITE_RECURSION = YES;
				CLANG_WARN_INT_CONVERSION = YES;
				CLANG_WARN_NON_LITERAL_NULL_CONVERSION = YES;
				CLANG_WARN_OBJC_IMPLICIT_RETAIN_SELF = YES;
				CLANG_WARN_OBJC_LITERAL_CONVERSION = YES;
				CLANG_WARN_OBJC_ROOT_CLASS = YES_ERROR;
				CLANG_WARN_QUOTED_INCLUDE_IN_FRAMEWORK_HEADER = YES;
				CLANG_WARN_RANGE_LOOP_ANALYSIS = YES;
				CLANG_WARN_STRICT_PROTOTYPES = YES;
				CLANG_WARN_SUSPICIOUS_MOVE = YES;
				CLANG_WARN_UNGUARDED_AVAILABILITY = YES_AGGRESSIVE;
				CLANG_WARN_UNREACHABLE_CODE = YES;
				CLANG_WARN__DUPLICATE_METHOD_MATCH = YES;
				COPY_PHASE_STRIP = NO;
				DEBUG_INFORMATION_FORMAT = dwarf;
				ENABLE_STRICT_OBJC_MSGSEND = YES;
				ENABLE_TESTABILITY = YES;
				GCC_C_LANGUAGE_STANDARD = gnu11;
				GCC_DYNAMIC_NO_PIC = NO;
				GCC_NO_COMMON_BLOCKS = YES;
				GCC_OPTIMIZATION_LEVEL = 0;
				GCC_PREPROCESSOR_DEFINITIONS = (
					"DEBUG=1",
					"$(inherited)",
				);
				GCC_WARN_64_TO_32_BIT_CONVERSION = YES;
				GCC_WARN_ABOUT_RETURN_TYPE = YES_ERROR;
				GCC_WARN_UNDECLARED_SELECTOR = YES;
				GCC_WARN_UNINITIALIZED_AUTOS = YES_AGGRESSIVE;
				GCC_WARN_UNUSED_FUNCTION = YES;
				GCC_WARN_UNUSED_VARIABLE = YES;
				MACOSX_DEPLOYMENT_TARGET = 12.1;
				MTL_ENABLE_DEBUG_INFO = INCLUDE_SOURCE;
				MTL_FAST_MATH = YES;
				ONLY_ACTIVE_ARCH = YES;
				SDKROOT = macosx;
				SWIFT_ACTIVE_COMPILATION_CONDITIONS = DEBUG;
				SWIFT_OPTIMIZATION_LEVEL = "-Onone";
			};
			name = Debug;
		};
		C498D45C2843E27A00657D0E /* Release */ = {
			isa = XCBuildConfiguration;
			buildSettings = {
				ALWAYS_SEARCH_USER_PATHS = NO;
				CLANG_ANALYZER_NONNULL = YES;
				CLANG_ANALYZER_NUMBER_OBJECT_CONVERSION = YES_AGGRESSIVE;
				CLANG_CXX_LANGUAGE_STANDARD = "gnu++17";
				CLANG_CXX_LIBRARY = "libc++";
				CLANG_ENABLE_MODULES = YES;
				CLANG_ENABLE_OBJC_ARC = YES;
				CLANG_ENABLE_OBJC_WEAK = YES;
				CLANG_WARN_BLOCK_CAPTURE_AUTORELEASING = YES;
				CLANG_WARN_BOOL_CONVERSION = YES;
				CLANG_WARN_COMMA = YES;
				CLANG_WARN_CONSTANT_CONVERSION = YES;
				CLANG_WARN_DEPRECATED_OBJC_IMPLEMENTATIONS = YES;
				CLANG_WARN_DIRECT_OBJC_ISA_USAGE = YES_ERROR;
				CLANG_WARN_DOCUMENTATION_COMMENTS = YES;
				CLANG_WARN_EMPTY_BODY = YES;
				CLANG_WARN_ENUM_CONVERSION = YES;
				CLANG_WARN_INFINITE_RECURSION = YES;
				CLANG_WARN_INT_CONVERSION = YES;
				CLANG_WARN_NON_LITERAL_NULL_CONVERSION = YES;
				CLANG_WARN_OBJC_IMPLICIT_RETAIN_SELF = YES;
				CLANG_WARN_OBJC_LITERAL_CONVERSION = YES;
				CLANG_WARN_OBJC_ROOT_CLASS = YES_ERROR;
				CLANG_WARN_QUOTED_INCLUDE_IN_FRAMEWORK_HEADER = YES;
				CLANG_WARN_RANGE_LOOP_ANALYSIS = YES;
				CLANG_WARN_STRICT_PROTOTYPES = YES;
				CLANG_WARN_SUSPICIOUS_MOVE = YES;
				CLANG_WARN_UNGUARDED_AVAILABILITY = YES_AGGRESSIVE;
				CLANG_WARN_UNREACHABLE_CODE = YES;
				CLANG_WARN__DUPLICATE_METHOD_MATCH = YES;
				COPY_PHASE_STRIP = NO;
				DEBUG_INFORMATION_FORMAT = "dwarf-with-dsym";
				ENABLE_NS_ASSERTIONS = NO;
				ENABLE_STRICT_OBJC_MSGSEND = YES;
				GCC_C_LANGUAGE_STANDARD = gnu11;
				GCC_NO_COMMON_BLOCKS = YES;
				GCC_WARN_64_TO_32_BIT_CONVERSION = YES;
				GCC_WARN_ABOUT_RETURN_TYPE = YES_ERROR;
				GCC_WARN_UNDECLARED_SELECTOR = YES;
				GCC_WARN_UNINITIALIZED_AUTOS = YES_AGGRESSIVE;
				GCC_WARN_UNUSED_FUNCTION = YES;
				GCC_WARN_UNUSED_VARIABLE = YES;
				MACOSX_DEPLOYMENT_TARGET = 12.1;
				MTL_ENABLE_DEBUG_INFO = NO;
				MTL_FAST_MATH = YES;
				SDKROOT = macosx;
				SWIFT_COMPILATION_MODE = wholemodule;
				SWIFT_OPTIMIZATION_LEVEL = "-O";
			};
			name = Release;
		};
		C498D45E2843E27A00657D0E /* Debug */ = {
			isa = XCBuildConfiguration;
			buildSettings = {
				ASSETCATALOG_COMPILER_APPICON_NAME = AppIcon;
				ASSETCATALOG_COMPILER_GLOBAL_ACCENT_COLOR_NAME = AccentColor;
				CODE_SIGN_ENTITLEMENTS = LearnSwiftUIForMacOS/LearnSwiftUIForMacOS.entitlements;
				CODE_SIGN_STYLE = Automatic;
				COMBINE_HIDPI_IMAGES = YES;
				CURRENT_PROJECT_VERSION = 1;
				DEVELOPMENT_ASSET_PATHS = "\"LearnSwiftUIForMacOS/Preview Content\"";
				DEVELOPMENT_TEAM = 2X2HSNJC5T;
				ENABLE_HARDENED_RUNTIME = YES;
				ENABLE_PREVIEWS = YES;
				GENERATE_INFOPLIST_FILE = YES;
				INFOPLIST_KEY_NSHumanReadableCopyright = "";
				LD_RUNPATH_SEARCH_PATHS = (
					"$(inherited)",
					"@executable_path/../Frameworks",
				);
				MARKETING_VERSION = 1.0;
				PRODUCT_BUNDLE_IDENTIFIER = com.rampatra.LearnSwiftUIForMacOS;
				PRODUCT_NAME = "$(TARGET_NAME)";
				SWIFT_EMIT_LOC_STRINGS = YES;
				SWIFT_VERSION = 5.0;
			};
			name = Debug;
		};
		C498D45F2843E27A00657D0E /* Release */ = {
			isa = XCBuildConfiguration;
			buildSettings = {
				ASSETCATALOG_COMPILER_APPICON_NAME = AppIcon;
				ASSETCATALOG_COMPILER_GLOBAL_ACCENT_COLOR_NAME = AccentColor;
				CODE_SIGN_ENTITLEMENTS = LearnSwiftUIForMacOS/LearnSwiftUIForMacOS.entitlements;
				CODE_SIGN_STYLE = Automatic;
				COMBINE_HIDPI_IMAGES = YES;
				CURRENT_PROJECT_VERSION = 1;
				DEVELOPMENT_ASSET_PATHS = "\"LearnSwiftUIForMacOS/Preview Content\"";
				DEVELOPMENT_TEAM = 2X2HSNJC5T;
				ENABLE_HARDENED_RUNTIME = YES;
				ENABLE_PREVIEWS = YES;
				GENERATE_INFOPLIST_FILE = YES;
				INFOPLIST_KEY_NSHumanReadableCopyright = "";
				LD_RUNPATH_SEARCH_PATHS = (
					"$(inherited)",
					"@executable_path/../Frameworks",
				);
				MARKETING_VERSION = 1.0;
				PRODUCT_BUNDLE_IDENTIFIER = com.rampatra.LearnSwiftUIForMacOS;
				PRODUCT_NAME = "$(TARGET_NAME)";
				SWIFT_EMIT_LOC_STRINGS = YES;
				SWIFT_VERSION = 5.0;
			};
			name = Release;
		};
/* End XCBuildConfiguration section */

/* Begin XCConfigurationList section */
		C498D4492843E27700657D0E /* Build configuration list for PBXProject "LearnSwiftUIForMacOS" */ = {
			isa = XCConfigurationList;
			buildConfigurations = (
				C498D45B2843E27A00657D0E /* Debug */,
				C498D45C2843E27A00657D0E /* Release */,
			);
			defaultConfigurationIsVisible = 0;
			defaultConfigurationName = Release;
		};
		C498D45D2843E27A00657D0E /* Build configuration list for PBXNativeTarget "LearnSwiftUIForMacOS" */ = {
			isa = XCConfigurationList;
			buildConfigurations = (
				C498D45E2843E27A00657D0E /* Debug */,
				C498D45F2843E27A00657D0E /* Release */,
			);
			defaultConfigurationIsVisible = 0;
			defaultConfigurationName = Release;
		};
/* End XCConfigurationList section */
	};
	rootObject = C498D4462843E27700657D0E /* Project object */;
}
